
Microsoft Visual Studio Solution File, Format Version 12.00
# Visual Studio Version 17
VisualStudioVersion = 17.13.35931.197 d17.13
MinimumVisualStudioVersion = 10.0.40219.1
Project("{8BC9CEB8-8B4A-11D0-8D11-00A0C91BC942}") = "Dll1", "Dll1\Dll1.vcxproj", "{58C6AF16-33F1-41DC-9E38-63D32DDD740C}"
EndProject
Global
	GlobalSection(SolutionConfigurationPlatforms) = preSolution
		Debug|x64 = Debug|x64
		Debug|x86 = Debug|x86
		Release|x64 = Release|x64
		Release|x86 = Release|x86
	EndGlobalSection
	GlobalSection(ProjectConfigurationPlatforms) = postSolution
		{58C6AF16-33F1-41DC-9E38-63D32DDD740C}.Debug|x64.ActiveCfg = Debug|x64
		{58C6AF16-33F1-41DC-9E38-63D32DDD740C}.Debug|x64.Build.0 = Debug|x64
		{58C6AF16-33F1-41DC-9E38-63D32DDD740C}.Debug|x86.ActiveCfg = Debug|Win32
		{58C6AF16-33F1-41DC-9E38-63D32DDD740C}.Debug|x86.Build.0 = Debug|Win32
		{58C6AF16-33F1-41DC-9E38-63D32DDD740C}.Release|x64.ActiveCfg = Release|x64
		{58C6AF16-33F1-41DC-9E38-63D32DDD740C}.Release|x64.Build.0 = Release|x64
		{58C6AF16-33F1-41DC-9E38-63D32DDD740C}.Release|x86.ActiveCfg = Release|Win32
		{58C6AF16-33F1-41DC-9E38-63D32DDD740C}.Release|x86.Build.0 = Release|Win32
	EndGlobalSection
	GlobalSection(SolutionProperties) = preSolution
		HideSolutionNode = FALSE
	EndGlobalSection
	GlobalSection(ExtensibilityGlobals) = postSolution
		SolutionGuid = {2A1D8D29-F603-4B4A-A090-BC0FCE3EDD54}
	EndGlobalSection
EndGlobal
